{
	"name": "@talixo/dropdown",
	"version": "1.0.0",
	"lockfileVersion": 1,
	"requires": true,
	"dependencies": {
		"downshift": {
			"version": "1.31.2",
			"resolved": "https://registry.npmjs.org/downshift/-/downshift-1.31.2.tgz",
			"integrity": "sha512-z8by12jDYb8i/5vbDA3fH/dQMIUIGcb/tuijT5WTPnbL/51YUA0iaKkdJORhnp6SfeRt8briMpOcMGFRtoABzw=="
		},
		"rollup": {
			"version": "0.56.5",
			"resolved": "https://registry.npmjs.org/rollup/-/rollup-0.56.5.tgz",
			"integrity": "sha512-IGPk5vdWrsc4vkiW9XMeXr5QMtxmvATTttTi59w2jBQWe9G/MMQtn8teIBAj+DdK51TrpVT6P0aQUaQUlUYCJA==",
			"dev": true
		}
	}
}
