{
	"requires": true,
	"lockfileVersion": 1,
	"dependencies": {
		"downshift": {
			"version": "1.31.7",
			"resolved": "https://registry.npmjs.org/downshift/-/downshift-1.31.7.tgz",
			"integrity": "sha512-5bkug+Q0G+aCkzughQnjuz8kcsnz5qkr7eMUbvec3gB/tGpCNf5FJ3pjT4ReGYZYmyUXWynwuHtNV67+9QJDLA=="
		}
	}
}
