{
  "name": "@talixo/avatar",
  "version": "1.0.0-alpha.31",
  "lockfileVersion": 1,
  "requires": true,
  "dependencies": {
    "@talixo/icon": {
      "version": "0.1.1",
      "dev": true,
      "dependencies": {
        "@talixo/shared": {
          "bundled": true
        }
      }
    },
    "@talixo/shared": {
      "version": "0.1.0",
      "dev": true
    },
    "check-prop-types": {
      "version": "1.1.2",
      "resolved": "https://registry.npmjs.org/check-prop-types/-/check-prop-types-1.1.2.tgz",
      "integrity": "sha512-hGDrZ1yhRgKuP1yzZ5sUX/PPmlKBLOF1GyF0Z008Sienko3BFZmlCXnmq+npRTIL/WlFCUzThyd+F5PQnnT1ug==",
      "dev": true
    }
  }
}
