{
  "name": "@talixo/spy-scroll",
  "version": "0.0.0",
  "lockfileVersion": 1,
  "requires": true,
  "dependencies": {
    "@talixo/shared": {
      "version": "0.1.0",
      "dev": true
    },
    "lodash.throttle": {
      "version": "4.1.1",
      "resolved": "https://registry.npmjs.org/lodash.throttle/-/lodash.throttle-4.1.1.tgz",
      "integrity": "sha1-wj6RtxAkKscMN/HhzaknTMOb8vQ=",
      "dev": true
    },
    "react-instantiable-stateless": {
      "version": "1.0.3",
      "resolved": "https://registry.npmjs.org/react-instantiable-stateless/-/react-instantiable-stateless-1.0.3.tgz",
      "integrity": "sha512-nSEjlm5WqKb5U/Eozqph4iDYDUtsGp+p321RAMU/xHeO5QEIl8P6tiRADIkvFC/VJ35uUFU1NAUc0tUT6ZhBww==",
      "dev": true
    }
  }
}
