{
	"requires": true,
	"lockfileVersion": 1,
	"dependencies": {
		"@talixo/text-input": {
			"version": "0.1.0",
			"resolved": "https://registry.npmjs.org/@talixo/text-input/-/text-input-0.1.0.tgz",
			"integrity": "sha512-hztH57qanb85ChwidFmpgPOCzax139iLxOF2JhpyUailwjeLX6QUClxr1t0VflzHpl0hCK4v2uA66DDMc4dklw=="
		}
	}
}
