{
  "name": "@talixo/chat",
  "version": "0.0.0",
  "lockfileVersion": 1,
  "requires": true,
  "dependencies": {
    "@talixo/button": {
      "version": "0.1.0",
      "dev": true,
      "dependencies": {
        "@talixo/icon": {
          "bundled": true,
          "dependencies": {
            "@talixo/shared": {
              "bundled": true
            }
          }
        },
        "@talixo/shared": {
          "bundled": true
        }
      }
    },
    "@talixo/icon": {
      "version": "0.1.1",
      "dev": true,
      "dependencies": {
        "@talixo/shared": {
          "bundled": true
        }
      }
    },
    "@talixo/shared": {
      "version": "0.1.0",
      "dev": true
    },
    "@talixo/text-input": {
      "version": "0.2.0",
      "dev": true,
      "dependencies": {
        "@talixo/icon": {
          "bundled": true,
          "dependencies": {
            "@talixo/shared": {
              "bundled": true
            }
          }
        },
        "@talixo/progress-bar": {
          "bundled": true,
          "dependencies": {
            "@talixo/icon": {
              "bundled": true,
              "dependencies": {
                "@talixo/shared": {
                  "bundled": true
                }
              }
            },
            "@talixo/shared": {
              "bundled": true
            }
          }
        },
        "@talixo/shared": {
          "bundled": true
        }
      }
    },
    "textarea-caret": {
      "version": "3.1.0",
      "resolved": "https://registry.npmjs.org/textarea-caret/-/textarea-caret-3.1.0.tgz",
      "integrity": "sha512-cXAvzO9pP5CGa6NKx0WYHl+8CHKZs8byMkt3PCJBCmq2a34YA9pO1NrQET5pzeqnBjBdToF5No4rrmkDUgQC2Q==",
      "dev": true
    }
  }
}
